
Microsoft Visual Studio Solution File, Format Version 12.00
# Visual Studio Version 17
VisualStudioVersion = 17.9.34607.119
MinimumVisualStudioVersion = 10.0.40219.1
Project("{9A19103F-16F7-4668-BE54-9A1E7A4F7556}") = "Social_Network", "Social_Network\Social_Network.csproj", "{3D4C703B-7488-4E30-8420-2AE1FB316B65}"
EndProject
Project("{9A19103F-16F7-4668-BE54-9A1E7A4F7556}") = "DTO", "DTO\DTO.csproj", "{5E05697C-32C8-4003-B2AA-3449AF01BB1D}"
EndProject
Project("{9A19103F-16F7-4668-BE54-9A1E7A4F7556}") = "DAL", "DAL\DAL.csproj", "{28291E25-4C61-4F8C-8BC3-5DAF11A9FF91}"
EndProject
Project("{9A19103F-16F7-4668-BE54-9A1E7A4F7556}") = "Social_Network_WPF", "Social_Network_WPF\Social_Network_WPF.csproj", "{209E17C6-2A8E-4260-98E3-8D03FB3D5303}"
EndProject
Project("{9A19103F-16F7-4668-BE54-9A1E7A4F7556}") = "SocialNetworkService", "SocialNetworkService\SocialNetworkService.csproj", "{2E9B02E1-A141-4350-9ECE-51B9E90C7584}"
EndProject
Global
	GlobalSection(SolutionConfigurationPlatforms) = preSolution
		Debug|Any CPU = Debug|Any CPU
		Release|Any CPU = Release|Any CPU
	EndGlobalSection
	GlobalSection(ProjectConfigurationPlatforms) = postSolution
		{3D4C703B-7488-4E30-8420-2AE1FB316B65}.Debug|Any CPU.ActiveCfg = Debug|Any CPU
		{3D4C703B-7488-4E30-8420-2AE1FB316B65}.Debug|Any CPU.Build.0 = Debug|Any CPU
		{3D4C703B-7488-4E30-8420-2AE1FB316B65}.Release|Any CPU.ActiveCfg = Release|Any CPU
		{3D4C703B-7488-4E30-8420-2AE1FB316B65}.Release|Any CPU.Build.0 = Release|Any CPU
		{5E05697C-32C8-4003-B2AA-3449AF01BB1D}.Debug|Any CPU.ActiveCfg = Debug|Any CPU
		{5E05697C-32C8-4003-B2AA-3449AF01BB1D}.Debug|Any CPU.Build.0 = Debug|Any CPU
		{5E05697C-32C8-4003-B2AA-3449AF01BB1D}.Release|Any CPU.ActiveCfg = Release|Any CPU
		{5E05697C-32C8-4003-B2AA-3449AF01BB1D}.Release|Any CPU.Build.0 = Release|Any CPU
		{28291E25-4C61-4F8C-8BC3-5DAF11A9FF91}.Debug|Any CPU.ActiveCfg = Debug|Any CPU
		{28291E25-4C61-4F8C-8BC3-5DAF11A9FF91}.Debug|Any CPU.Build.0 = Debug|Any CPU
		{28291E25-4C61-4F8C-8BC3-5DAF11A9FF91}.Release|Any CPU.ActiveCfg = Release|Any CPU
		{28291E25-4C61-4F8C-8BC3-5DAF11A9FF91}.Release|Any CPU.Build.0 = Release|Any CPU
		{209E17C6-2A8E-4260-98E3-8D03FB3D5303}.Debug|Any CPU.ActiveCfg = Debug|Any CPU
		{209E17C6-2A8E-4260-98E3-8D03FB3D5303}.Debug|Any CPU.Build.0 = Debug|Any CPU
		{209E17C6-2A8E-4260-98E3-8D03FB3D5303}.Release|Any CPU.ActiveCfg = Release|Any CPU
		{209E17C6-2A8E-4260-98E3-8D03FB3D5303}.Release|Any CPU.Build.0 = Release|Any CPU
		{2E9B02E1-A141-4350-9ECE-51B9E90C7584}.Debug|Any CPU.ActiveCfg = Debug|Any CPU
		{2E9B02E1-A141-4350-9ECE-51B9E90C7584}.Debug|Any CPU.Build.0 = Debug|Any CPU
		{2E9B02E1-A141-4350-9ECE-51B9E90C7584}.Release|Any CPU.ActiveCfg = Release|Any CPU
		{2E9B02E1-A141-4350-9ECE-51B9E90C7584}.Release|Any CPU.Build.0 = Release|Any CPU
	EndGlobalSection
	GlobalSection(SolutionProperties) = preSolution
		HideSolutionNode = FALSE
	EndGlobalSection
	GlobalSection(ExtensibilityGlobals) = postSolution
		SolutionGuid = {A430F1C9-ED0B-4785-8D06-9E4619A72B50}
	EndGlobalSection
EndGlobal
